
Microsoft Visual Studio Solution File, Format Version 12.00
# Visual Studio Version 16
VisualStudioVersion = 25.0.1700.0
MinimumVisualStudioVersion = 10.0.40219.1
Project("{FAE04EC0-301F-11D3-BF4B-00C04F79EFBC}") = "csharp-ci-cd-example", "csharp-ci-cd-example.csproj", "{384B4396-CFEB-480B-B700-DD30DF198A5E}"
EndProject
Global
	GlobalSection(SolutionConfigurationPlatforms) = preSolution
		Debug|Any CPU = Debug|Any CPU
		Release|Any CPU = Release|Any CPU
	EndGlobalSection
	GlobalSection(ProjectConfigurationPlatforms) = postSolution
		{384B4396-CFEB-480B-B700-DD30DF198A5E}.Debug|Any CPU.ActiveCfg = Debug|Any CPU
		{384B4396-CFEB-480B-B700-DD30DF198A5E}.Debug|Any CPU.Build.0 = Debug|Any CPU
		{384B4396-CFEB-480B-B700-DD30DF198A5E}.Release|Any CPU.ActiveCfg = Release|Any CPU
		{384B4396-CFEB-480B-B700-DD30DF198A5E}.Release|Any CPU.Build.0 = Release|Any CPU
	EndGlobalSection
	GlobalSection(SolutionProperties) = preSolution
		HideSolutionNode = FALSE
	EndGlobalSection
	GlobalSection(ExtensibilityGlobals) = postSolution
		SolutionGuid = {9C356FEA-3E59-468B-A53E-5078D875AD23}
	EndGlobalSection
EndGlobal
